
Microsoft Visual Studio Solution File, Format Version 12.00
# Visual Studio Version 16
VisualStudioVersion = 16.0.30114.105
MinimumVisualStudioVersion = 10.0.40219.1
Project("{9A19103F-16F7-4668-BE54-9A1E7A4F7556}") = "Private-chat-SignalR", "Private-chat-SignalR\Private-chat-SignalR.csproj", "{082B4FC5-C8A4-4786-86B6-D82F82300555}"
EndProject
Project("{2150E333-8FDC-42A3-9474-1A3956D46DE8}") = "Solution Items", "Solution Items", "{52E922F2-7E41-4E66-9CB7-371DB63401CC}"
	ProjectSection(SolutionItems) = preProject
		ReadMe.txt = ReadMe.txt
	EndProjectSection
EndProject
Global
	GlobalSection(SolutionConfigurationPlatforms) = preSolution
		Debug|Any CPU = Debug|Any CPU
		Release|Any CPU = Release|Any CPU
	EndGlobalSection
	GlobalSection(ProjectConfigurationPlatforms) = postSolution
		{082B4FC5-C8A4-4786-86B6-D82F82300555}.Debug|Any CPU.ActiveCfg = Debug|Any CPU
		{082B4FC5-C8A4-4786-86B6-D82F82300555}.Debug|Any CPU.Build.0 = Debug|Any CPU
		{082B4FC5-C8A4-4786-86B6-D82F82300555}.Release|Any CPU.ActiveCfg = Release|Any CPU
		{082B4FC5-C8A4-4786-86B6-D82F82300555}.Release|Any CPU.Build.0 = Release|Any CPU
	EndGlobalSection
	GlobalSection(SolutionProperties) = preSolution
		HideSolutionNode = FALSE
	EndGlobalSection
	GlobalSection(ExtensibilityGlobals) = postSolution
		SolutionGuid = {BDA16676-3B5E-423D-B7F9-469C0AA0B99E}
	EndGlobalSection
EndGlobal
